
Microsoft Visual Studio Solution File, Format Version 12.00
# Visual Studio Version 17
VisualStudioVersion = 17.9.34616.47
MinimumVisualStudioVersion = 10.0.40219.1
Project("{9A19103F-16F7-4668-BE54-9A1E7A4F7556}") = "BasicCrmSystem_Domain", "BasicCrmSystem_Domain\BasicCrmSystem_Domain.csproj", "{804930A7-DD83-4CCF-BA49-0D060047612D}"
EndProject
Project("{9A19103F-16F7-4668-BE54-9A1E7A4F7556}") = "BasicCrmSystem_Infrastructure", "BasicCrmSystem_Infrastructure\BasicCrmSystem_Infrastructure.csproj", "{59F2813C-84AA-4B0C-B111-9A470FDA6680}"
EndProject
Project("{FAE04EC0-301F-11D3-BF4B-00C04F79EFBC}") = "BasicCrmSystem_API", "BasicCrmSystem_API\BasicCrmSystem_API.csproj", "{5BC160F8-1B02-4785-9CA4-538D56731CC9}"
EndProject
Project("{FAE04EC0-301F-11D3-BF4B-00C04F79EFBC}") = "BasicCrmSystem_Application", "BasicCrmSystem_Application\BasicCrmSystem_Application.csproj", "{39317231-6175-40E2-9B43-D1BEE5D1380F}"
EndProject
Project("{2150E333-8FDC-42A3-9474-1A3956D46DE8}") = "Solution Items", "Solution Items", "{A9DBAD3B-DC4D-4814-8B28-0A582387E68A}"
	ProjectSection(SolutionItems) = preProject
		.editorconfig = .editorconfig
	EndProjectSection
EndProject
Global
	GlobalSection(SolutionConfigurationPlatforms) = preSolution
		Debug|Any CPU = Debug|Any CPU
		Release|Any CPU = Release|Any CPU
	EndGlobalSection
	GlobalSection(ProjectConfigurationPlatforms) = postSolution
		{804930A7-DD83-4CCF-BA49-0D060047612D}.Debug|Any CPU.ActiveCfg = Debug|Any CPU
		{804930A7-DD83-4CCF-BA49-0D060047612D}.Debug|Any CPU.Build.0 = Debug|Any CPU
		{804930A7-DD83-4CCF-BA49-0D060047612D}.Release|Any CPU.ActiveCfg = Release|Any CPU
		{804930A7-DD83-4CCF-BA49-0D060047612D}.Release|Any CPU.Build.0 = Release|Any CPU
		{59F2813C-84AA-4B0C-B111-9A470FDA6680}.Debug|Any CPU.ActiveCfg = Debug|Any CPU
		{59F2813C-84AA-4B0C-B111-9A470FDA6680}.Debug|Any CPU.Build.0 = Debug|Any CPU
		{59F2813C-84AA-4B0C-B111-9A470FDA6680}.Release|Any CPU.ActiveCfg = Release|Any CPU
		{59F2813C-84AA-4B0C-B111-9A470FDA6680}.Release|Any CPU.Build.0 = Release|Any CPU
		{5BC160F8-1B02-4785-9CA4-538D56731CC9}.Debug|Any CPU.ActiveCfg = Debug|Any CPU
		{5BC160F8-1B02-4785-9CA4-538D56731CC9}.Debug|Any CPU.Build.0 = Debug|Any CPU
		{5BC160F8-1B02-4785-9CA4-538D56731CC9}.Release|Any CPU.ActiveCfg = Release|Any CPU
		{5BC160F8-1B02-4785-9CA4-538D56731CC9}.Release|Any CPU.Build.0 = Release|Any CPU
		{39317231-6175-40E2-9B43-D1BEE5D1380F}.Debug|Any CPU.ActiveCfg = Debug|Any CPU
		{39317231-6175-40E2-9B43-D1BEE5D1380F}.Debug|Any CPU.Build.0 = Debug|Any CPU
		{39317231-6175-40E2-9B43-D1BEE5D1380F}.Release|Any CPU.ActiveCfg = Release|Any CPU
		{39317231-6175-40E2-9B43-D1BEE5D1380F}.Release|Any CPU.Build.0 = Release|Any CPU
	EndGlobalSection
	GlobalSection(SolutionProperties) = preSolution
		HideSolutionNode = FALSE
	EndGlobalSection
	GlobalSection(ExtensibilityGlobals) = postSolution
		SolutionGuid = {E029FA79-2F47-4D50-884F-D81EA7AE448B}
	EndGlobalSection
EndGlobal
